
Microsoft Visual Studio Solution File, Format Version 12.00
# Visual Studio Version 16
VisualStudioVersion = 16.0.32413.511
MinimumVisualStudioVersion = 10.0.40219.1
Project("{8BC9CEB8-8B4A-11D0-8D11-00A0C91BC942}") = "ConsoleApplication1", "ConsoleApplication1.vcxproj", "{3A3B4AC3-D5DF-4ED0-BC7C-49CB3772580C}"
EndProject
Project("{8BC9CEB8-8B4A-11D0-8D11-00A0C91BC942}") = "num_7", "..\num_7\num_7.vcxproj", "{70061886-FA73-4DC8-8FCE-E6F9C96618E3}"
EndProject
Global
	GlobalSection(SolutionConfigurationPlatforms) = preSolution
		Debug|x64 = Debug|x64
		Debug|x86 = Debug|x86
		Release|x64 = Release|x64
		Release|x86 = Release|x86
	EndGlobalSection
	GlobalSection(ProjectConfigurationPlatforms) = postSolution
		{3A3B4AC3-D5DF-4ED0-BC7C-49CB3772580C}.Debug|x64.ActiveCfg = Debug|x64
		{3A3B4AC3-D5DF-4ED0-BC7C-49CB3772580C}.Debug|x64.Build.0 = Debug|x64
		{3A3B4AC3-D5DF-4ED0-BC7C-49CB3772580C}.Debug|x86.ActiveCfg = Debug|Win32
		{3A3B4AC3-D5DF-4ED0-BC7C-49CB3772580C}.Debug|x86.Build.0 = Debug|Win32
		{3A3B4AC3-D5DF-4ED0-BC7C-49CB3772580C}.Release|x64.ActiveCfg = Release|x64
		{3A3B4AC3-D5DF-4ED0-BC7C-49CB3772580C}.Release|x64.Build.0 = Release|x64
		{3A3B4AC3-D5DF-4ED0-BC7C-49CB3772580C}.Release|x86.ActiveCfg = Release|Win32
		{3A3B4AC3-D5DF-4ED0-BC7C-49CB3772580C}.Release|x86.Build.0 = Release|Win32
		{70061886-FA73-4DC8-8FCE-E6F9C96618E3}.Debug|x64.ActiveCfg = Debug|x64
		{70061886-FA73-4DC8-8FCE-E6F9C96618E3}.Debug|x64.Build.0 = Debug|x64
		{70061886-FA73-4DC8-8FCE-E6F9C96618E3}.Debug|x86.ActiveCfg = Debug|Win32
		{70061886-FA73-4DC8-8FCE-E6F9C96618E3}.Debug|x86.Build.0 = Debug|Win32
		{70061886-FA73-4DC8-8FCE-E6F9C96618E3}.Release|x64.ActiveCfg = Release|x64
		{70061886-FA73-4DC8-8FCE-E6F9C96618E3}.Release|x64.Build.0 = Release|x64
		{70061886-FA73-4DC8-8FCE-E6F9C96618E3}.Release|x86.ActiveCfg = Release|Win32
		{70061886-FA73-4DC8-8FCE-E6F9C96618E3}.Release|x86.Build.0 = Release|Win32
	EndGlobalSection
	GlobalSection(SolutionProperties) = preSolution
		HideSolutionNode = FALSE
	EndGlobalSection
	GlobalSection(ExtensibilityGlobals) = postSolution
		SolutionGuid = {39E13593-DF10-4C8C-AB24-B8B2A4CFD58E}
	EndGlobalSection
EndGlobal
