
Microsoft Visual Studio Solution File, Format Version 12.00
# Visual Studio Version 16
VisualStudioVersion = 16.0.33130.400
MinimumVisualStudioVersion = 10.0.40219.1
Project("{8BC9CEB8-8B4A-11D0-8D11-00A0C91BC942}") = "3_1", "1.vcxproj", "{7CBA6ED9-D99B-4E1D-B5F4-F1CBAB19A1C0}"
EndProject
Project("{8BC9CEB8-8B4A-11D0-8D11-00A0C91BC942}") = "3_2", "..\3_2\3_2.vcxproj", "{1A8CB3F4-B11F-4D22-9EF5-F4B329A3BD43}"
EndProject
Project("{8BC9CEB8-8B4A-11D0-8D11-00A0C91BC942}") = "2_1", "..\2_1\2_1.vcxproj", "{D9D443E5-DFDB-499A-AF2E-4D2821119E29}"
EndProject
Project("{8BC9CEB8-8B4A-11D0-8D11-00A0C91BC942}") = "2_2", "..\2_2\2_2.vcxproj", "{D7285FCD-C876-4DC3-BB0A-D37656BE92D3}"
EndProject
Project("{8BC9CEB8-8B4A-11D0-8D11-00A0C91BC942}") = "11_1", "..\11_1\11_1.vcxproj", "{89574A0C-FF1A-401B-989D-81DE1F9834F1}"
EndProject
Project("{8BC9CEB8-8B4A-11D0-8D11-00A0C91BC942}") = "11_2", "..\11_2\11_2.vcxproj", "{05EB2AFE-481B-45EC-8C64-F110021D9E89}"
EndProject
Project("{8BC9CEB8-8B4A-11D0-8D11-00A0C91BC942}") = "8_1", "..\8_1\8_1.vcxproj", "{931B670A-835F-40D9-8A7F-B6D5E4D2E51D}"
EndProject
Project("{8BC9CEB8-8B4A-11D0-8D11-00A0C91BC942}") = "8_2", "..\8_2\8_2.vcxproj", "{ABA8975E-4463-4CF5-A16A-6AAF4E337B28}"
EndProject
Global
	GlobalSection(SolutionConfigurationPlatforms) = preSolution
		Debug|x64 = Debug|x64
		Debug|x86 = Debug|x86
		Release|x64 = Release|x64
		Release|x86 = Release|x86
	EndGlobalSection
	GlobalSection(ProjectConfigurationPlatforms) = postSolution
		{7CBA6ED9-D99B-4E1D-B5F4-F1CBAB19A1C0}.Debug|x64.ActiveCfg = Debug|x64
		{7CBA6ED9-D99B-4E1D-B5F4-F1CBAB19A1C0}.Debug|x64.Build.0 = Debug|x64
		{7CBA6ED9-D99B-4E1D-B5F4-F1CBAB19A1C0}.Debug|x86.ActiveCfg = Debug|Win32
		{7CBA6ED9-D99B-4E1D-B5F4-F1CBAB19A1C0}.Debug|x86.Build.0 = Debug|Win32
		{7CBA6ED9-D99B-4E1D-B5F4-F1CBAB19A1C0}.Release|x64.ActiveCfg = Release|x64
		{7CBA6ED9-D99B-4E1D-B5F4-F1CBAB19A1C0}.Release|x64.Build.0 = Release|x64
		{7CBA6ED9-D99B-4E1D-B5F4-F1CBAB19A1C0}.Release|x86.ActiveCfg = Release|Win32
		{7CBA6ED9-D99B-4E1D-B5F4-F1CBAB19A1C0}.Release|x86.Build.0 = Release|Win32
		{1A8CB3F4-B11F-4D22-9EF5-F4B329A3BD43}.Debug|x64.ActiveCfg = Debug|x64
		{1A8CB3F4-B11F-4D22-9EF5-F4B329A3BD43}.Debug|x64.Build.0 = Debug|x64
		{1A8CB3F4-B11F-4D22-9EF5-F4B329A3BD43}.Debug|x86.ActiveCfg = Debug|Win32
		{1A8CB3F4-B11F-4D22-9EF5-F4B329A3BD43}.Debug|x86.Build.0 = Debug|Win32
		{1A8CB3F4-B11F-4D22-9EF5-F4B329A3BD43}.Release|x64.ActiveCfg = Release|x64
		{1A8CB3F4-B11F-4D22-9EF5-F4B329A3BD43}.Release|x64.Build.0 = Release|x64
		{1A8CB3F4-B11F-4D22-9EF5-F4B329A3BD43}.Release|x86.ActiveCfg = Release|Win32
		{1A8CB3F4-B11F-4D22-9EF5-F4B329A3BD43}.Release|x86.Build.0 = Release|Win32
		{D9D443E5-DFDB-499A-AF2E-4D2821119E29}.Debug|x64.ActiveCfg = Debug|x64
		{D9D443E5-DFDB-499A-AF2E-4D2821119E29}.Debug|x64.Build.0 = Debug|x64
		{D9D443E5-DFDB-499A-AF2E-4D2821119E29}.Debug|x86.ActiveCfg = Debug|Win32
		{D9D443E5-DFDB-499A-AF2E-4D2821119E29}.Debug|x86.Build.0 = Debug|Win32
		{D9D443E5-DFDB-499A-AF2E-4D2821119E29}.Release|x64.ActiveCfg = Release|x64
		{D9D443E5-DFDB-499A-AF2E-4D2821119E29}.Release|x64.Build.0 = Release|x64
		{D9D443E5-DFDB-499A-AF2E-4D2821119E29}.Release|x86.ActiveCfg = Release|Win32
		{D9D443E5-DFDB-499A-AF2E-4D2821119E29}.Release|x86.Build.0 = Release|Win32
		{D7285FCD-C876-4DC3-BB0A-D37656BE92D3}.Debug|x64.ActiveCfg = Debug|x64
		{D7285FCD-C876-4DC3-BB0A-D37656BE92D3}.Debug|x64.Build.0 = Debug|x64
		{D7285FCD-C876-4DC3-BB0A-D37656BE92D3}.Debug|x86.ActiveCfg = Debug|Win32
		{D7285FCD-C876-4DC3-BB0A-D37656BE92D3}.Debug|x86.Build.0 = Debug|Win32
		{D7285FCD-C876-4DC3-BB0A-D37656BE92D3}.Release|x64.ActiveCfg = Release|x64
		{D7285FCD-C876-4DC3-BB0A-D37656BE92D3}.Release|x64.Build.0 = Release|x64
		{D7285FCD-C876-4DC3-BB0A-D37656BE92D3}.Release|x86.ActiveCfg = Release|Win32
		{D7285FCD-C876-4DC3-BB0A-D37656BE92D3}.Release|x86.Build.0 = Release|Win32
		{89574A0C-FF1A-401B-989D-81DE1F9834F1}.Debug|x64.ActiveCfg = Debug|x64
		{89574A0C-FF1A-401B-989D-81DE1F9834F1}.Debug|x64.Build.0 = Debug|x64
		{89574A0C-FF1A-401B-989D-81DE1F9834F1}.Debug|x86.ActiveCfg = Debug|Win32
		{89574A0C-FF1A-401B-989D-81DE1F9834F1}.Debug|x86.Build.0 = Debug|Win32
		{89574A0C-FF1A-401B-989D-81DE1F9834F1}.Release|x64.ActiveCfg = Release|x64
		{89574A0C-FF1A-401B-989D-81DE1F9834F1}.Release|x64.Build.0 = Release|x64
		{89574A0C-FF1A-401B-989D-81DE1F9834F1}.Release|x86.ActiveCfg = Release|Win32
		{89574A0C-FF1A-401B-989D-81DE1F9834F1}.Release|x86.Build.0 = Release|Win32
		{05EB2AFE-481B-45EC-8C64-F110021D9E89}.Debug|x64.ActiveCfg = Debug|x64
		{05EB2AFE-481B-45EC-8C64-F110021D9E89}.Debug|x64.Build.0 = Debug|x64
		{05EB2AFE-481B-45EC-8C64-F110021D9E89}.Debug|x86.ActiveCfg = Debug|Win32
		{05EB2AFE-481B-45EC-8C64-F110021D9E89}.Debug|x86.Build.0 = Debug|Win32
		{05EB2AFE-481B-45EC-8C64-F110021D9E89}.Release|x64.ActiveCfg = Release|x64
		{05EB2AFE-481B-45EC-8C64-F110021D9E89}.Release|x64.Build.0 = Release|x64
		{05EB2AFE-481B-45EC-8C64-F110021D9E89}.Release|x86.ActiveCfg = Release|Win32
		{05EB2AFE-481B-45EC-8C64-F110021D9E89}.Release|x86.Build.0 = Release|Win32
		{931B670A-835F-40D9-8A7F-B6D5E4D2E51D}.Debug|x64.ActiveCfg = Debug|x64
		{931B670A-835F-40D9-8A7F-B6D5E4D2E51D}.Debug|x64.Build.0 = Debug|x64
		{931B670A-835F-40D9-8A7F-B6D5E4D2E51D}.Debug|x86.ActiveCfg = Debug|Win32
		{931B670A-835F-40D9-8A7F-B6D5E4D2E51D}.Debug|x86.Build.0 = Debug|Win32
		{931B670A-835F-40D9-8A7F-B6D5E4D2E51D}.Release|x64.ActiveCfg = Release|x64
		{931B670A-835F-40D9-8A7F-B6D5E4D2E51D}.Release|x64.Build.0 = Release|x64
		{931B670A-835F-40D9-8A7F-B6D5E4D2E51D}.Release|x86.ActiveCfg = Release|Win32
		{931B670A-835F-40D9-8A7F-B6D5E4D2E51D}.Release|x86.Build.0 = Release|Win32
		{ABA8975E-4463-4CF5-A16A-6AAF4E337B28}.Debug|x64.ActiveCfg = Debug|x64
		{ABA8975E-4463-4CF5-A16A-6AAF4E337B28}.Debug|x64.Build.0 = Debug|x64
		{ABA8975E-4463-4CF5-A16A-6AAF4E337B28}.Debug|x86.ActiveCfg = Debug|Win32
		{ABA8975E-4463-4CF5-A16A-6AAF4E337B28}.Debug|x86.Build.0 = Debug|Win32
		{ABA8975E-4463-4CF5-A16A-6AAF4E337B28}.Release|x64.ActiveCfg = Release|x64
		{ABA8975E-4463-4CF5-A16A-6AAF4E337B28}.Release|x64.Build.0 = Release|x64
		{ABA8975E-4463-4CF5-A16A-6AAF4E337B28}.Release|x86.ActiveCfg = Release|Win32
		{ABA8975E-4463-4CF5-A16A-6AAF4E337B28}.Release|x86.Build.0 = Release|Win32
	EndGlobalSection
	GlobalSection(SolutionProperties) = preSolution
		HideSolutionNode = FALSE
	EndGlobalSection
	GlobalSection(ExtensibilityGlobals) = postSolution
		SolutionGuid = {571D0561-E521-46F3-A5B3-A5524A24F2A2}
	EndGlobalSection
EndGlobal
